
Microsoft Visual Studio Solution File, Format Version 12.00
# Visual Studio Version 16
VisualStudioVersion = 16.0.33328.57
MinimumVisualStudioVersion = 10.0.40219.1
Project("{8BC9CEB8-8B4A-11D0-8D11-00A0C91BC942}") = "OPlab1", "OPlab1\OPlab1.vcxproj", "{12FC7E3A-C15A-4179-AEAB-F7251A1E731D}"
EndProject
Global
	GlobalSection(SolutionConfigurationPlatforms) = preSolution
		Debug|x64 = Debug|x64
		Debug|x86 = Debug|x86
		Release|x64 = Release|x64
		Release|x86 = Release|x86
	EndGlobalSection
	GlobalSection(ProjectConfigurationPlatforms) = postSolution
		{12FC7E3A-C15A-4179-AEAB-F7251A1E731D}.Debug|x64.ActiveCfg = Debug|x64
		{12FC7E3A-C15A-4179-AEAB-F7251A1E731D}.Debug|x64.Build.0 = Debug|x64
		{12FC7E3A-C15A-4179-AEAB-F7251A1E731D}.Debug|x86.ActiveCfg = Debug|Win32
		{12FC7E3A-C15A-4179-AEAB-F7251A1E731D}.Debug|x86.Build.0 = Debug|Win32
		{12FC7E3A-C15A-4179-AEAB-F7251A1E731D}.Release|x64.ActiveCfg = Release|x64
		{12FC7E3A-C15A-4179-AEAB-F7251A1E731D}.Release|x64.Build.0 = Release|x64
		{12FC7E3A-C15A-4179-AEAB-F7251A1E731D}.Release|x86.ActiveCfg = Release|Win32
		{12FC7E3A-C15A-4179-AEAB-F7251A1E731D}.Release|x86.Build.0 = Release|Win32
	EndGlobalSection
	GlobalSection(SolutionProperties) = preSolution
		HideSolutionNode = FALSE
	EndGlobalSection
	GlobalSection(ExtensibilityGlobals) = postSolution
		SolutionGuid = {B8675E66-C1DB-4F69-845D-8DF34046151C}
	EndGlobalSection
EndGlobal
